
Microsoft Visual Studio Solution File, Format Version 12.00
# Visual Studio Version 17
VisualStudioVersion = 17.0.31919.166
MinimumVisualStudioVersion = 10.0.40219.1
Project("{FAE04EC0-301F-11D3-BF4B-00C04F79EFBC}") = "Denomica.Text.Json", "Denomica.Text.Json\Denomica.Text.Json.csproj", "{4FE0EC0B-980B-4A7B-99DE-FB33C522DF3F}"
EndProject
Project("{FAE04EC0-301F-11D3-BF4B-00C04F79EFBC}") = "Denomica.Text.Json.Tests", "Denomica.Text.Json.Tests\Denomica.Text.Json.Tests.csproj", "{C296B80D-289A-43CD-9079-C6524FF08332}"
EndProject
Global
	GlobalSection(SolutionConfigurationPlatforms) = preSolution
		Debug|Any CPU = Debug|Any CPU
		Release|Any CPU = Release|Any CPU
	EndGlobalSection
	GlobalSection(ProjectConfigurationPlatforms) = postSolution
		{4FE0EC0B-980B-4A7B-99DE-FB33C522DF3F}.Debug|Any CPU.ActiveCfg = Debug|Any CPU
		{4FE0EC0B-980B-4A7B-99DE-FB33C522DF3F}.Debug|Any CPU.Build.0 = Debug|Any CPU
		{4FE0EC0B-980B-4A7B-99DE-FB33C522DF3F}.Release|Any CPU.ActiveCfg = Release|Any CPU
		{4FE0EC0B-980B-4A7B-99DE-FB33C522DF3F}.Release|Any CPU.Build.0 = Release|Any CPU
		{C296B80D-289A-43CD-9079-C6524FF08332}.Debug|Any CPU.ActiveCfg = Debug|Any CPU
		{C296B80D-289A-43CD-9079-C6524FF08332}.Debug|Any CPU.Build.0 = Debug|Any CPU
		{C296B80D-289A-43CD-9079-C6524FF08332}.Release|Any CPU.ActiveCfg = Release|Any CPU
		{C296B80D-289A-43CD-9079-C6524FF08332}.Release|Any CPU.Build.0 = Release|Any CPU
	EndGlobalSection
	GlobalSection(SolutionProperties) = preSolution
		HideSolutionNode = FALSE
	EndGlobalSection
	GlobalSection(ExtensibilityGlobals) = postSolution
		SolutionGuid = {C9A38F21-44FE-4066-9FFE-6575EECF8CB4}
	EndGlobalSection
EndGlobal
